
Microsoft Visual Studio Solution File, Format Version 12.00
# Visual Studio Version 17
VisualStudioVersion = 17.9.34902.65
MinimumVisualStudioVersion = 10.0.40219.1
Project("{9A19103F-16F7-4668-BE54-9A1E7A4F7556}") = "Project1", "Project1\Project1.csproj", "{F71030E4-FF1E-43E5-B31C-C743119A9C8D}"
EndProject
Project("{9A19103F-16F7-4668-BE54-9A1E7A4F7556}") = "Module1", "Module1\Module1.csproj", "{B342A0C9-515A-481D-B1FB-A5D6A5B2A561}"
EndProject
Project("{9A19103F-16F7-4668-BE54-9A1E7A4F7556}") = "delegate", "deligate\delegate.csproj", "{01C13FEF-E532-4865-BAAB-49B22CB4DC7F}"
EndProject
Project("{2150E333-8FDC-42A3-9474-1A3956D46DE8}") = "NewFolder1", "NewFolder1", "{A1DF3B13-02CF-4240-81B5-909C75B49F84}"
EndProject
Project("{FAE04EC0-301F-11D3-BF4B-00C04F79EFBC}") = "Seminar", "Seminar\Seminar.csproj", "{8FC36FF3-B06A-47B3-A03D-3CCED0771B7D}"
EndProject
Project("{FAE04EC0-301F-11D3-BF4B-00C04F79EFBC}") = "Ex", "Ex\Ex.csproj", "{693F7EE7-81CF-4E82-8AEC-40E5DF52CBBF}"
EndProject
Global
	GlobalSection(SolutionConfigurationPlatforms) = preSolution
		Debug|Any CPU = Debug|Any CPU
		Release|Any CPU = Release|Any CPU
	EndGlobalSection
	GlobalSection(ProjectConfigurationPlatforms) = postSolution
		{F71030E4-FF1E-43E5-B31C-C743119A9C8D}.Debug|Any CPU.ActiveCfg = Debug|Any CPU
		{F71030E4-FF1E-43E5-B31C-C743119A9C8D}.Debug|Any CPU.Build.0 = Debug|Any CPU
		{F71030E4-FF1E-43E5-B31C-C743119A9C8D}.Release|Any CPU.ActiveCfg = Release|Any CPU
		{F71030E4-FF1E-43E5-B31C-C743119A9C8D}.Release|Any CPU.Build.0 = Release|Any CPU
		{B342A0C9-515A-481D-B1FB-A5D6A5B2A561}.Debug|Any CPU.ActiveCfg = Debug|Any CPU
		{B342A0C9-515A-481D-B1FB-A5D6A5B2A561}.Debug|Any CPU.Build.0 = Debug|Any CPU
		{B342A0C9-515A-481D-B1FB-A5D6A5B2A561}.Release|Any CPU.ActiveCfg = Release|Any CPU
		{B342A0C9-515A-481D-B1FB-A5D6A5B2A561}.Release|Any CPU.Build.0 = Release|Any CPU
		{01C13FEF-E532-4865-BAAB-49B22CB4DC7F}.Debug|Any CPU.ActiveCfg = Debug|Any CPU
		{01C13FEF-E532-4865-BAAB-49B22CB4DC7F}.Debug|Any CPU.Build.0 = Debug|Any CPU
		{01C13FEF-E532-4865-BAAB-49B22CB4DC7F}.Release|Any CPU.ActiveCfg = Release|Any CPU
		{01C13FEF-E532-4865-BAAB-49B22CB4DC7F}.Release|Any CPU.Build.0 = Release|Any CPU
		{8FC36FF3-B06A-47B3-A03D-3CCED0771B7D}.Debug|Any CPU.ActiveCfg = Debug|Any CPU
		{8FC36FF3-B06A-47B3-A03D-3CCED0771B7D}.Debug|Any CPU.Build.0 = Debug|Any CPU
		{8FC36FF3-B06A-47B3-A03D-3CCED0771B7D}.Release|Any CPU.ActiveCfg = Release|Any CPU
		{8FC36FF3-B06A-47B3-A03D-3CCED0771B7D}.Release|Any CPU.Build.0 = Release|Any CPU
		{693F7EE7-81CF-4E82-8AEC-40E5DF52CBBF}.Debug|Any CPU.ActiveCfg = Debug|Any CPU
		{693F7EE7-81CF-4E82-8AEC-40E5DF52CBBF}.Debug|Any CPU.Build.0 = Debug|Any CPU
		{693F7EE7-81CF-4E82-8AEC-40E5DF52CBBF}.Release|Any CPU.ActiveCfg = Release|Any CPU
		{693F7EE7-81CF-4E82-8AEC-40E5DF52CBBF}.Release|Any CPU.Build.0 = Release|Any CPU
	EndGlobalSection
	GlobalSection(SolutionProperties) = preSolution
		HideSolutionNode = FALSE
	EndGlobalSection
	GlobalSection(ExtensibilityGlobals) = postSolution
		SolutionGuid = {D39484FD-18BE-4AA0-8E89-A3AEED2BC3F3}
	EndGlobalSection
EndGlobal
